
Microsoft Visual Studio Solution File, Format Version 12.00
# Visual Studio Version 16
VisualStudioVersion = 16.0.29509.3
MinimumVisualStudioVersion = 10.0.40219.1
Project("{FAE04EC0-301F-11D3-BF4B-00C04F79EFBC}") = "site 3", "site 3\site 3.csproj", "{B0E13F80-28F0-4523-AF47-D80FE88A79A6}"
EndProject
Global
	GlobalSection(SolutionConfigurationPlatforms) = preSolution
		Debug|Any CPU = Debug|Any CPU
		Release|Any CPU = Release|Any CPU
	EndGlobalSection
	GlobalSection(ProjectConfigurationPlatforms) = postSolution
		{B0E13F80-28F0-4523-AF47-D80FE88A79A6}.Debug|Any CPU.ActiveCfg = Debug|Any CPU
		{B0E13F80-28F0-4523-AF47-D80FE88A79A6}.Debug|Any CPU.Build.0 = Debug|Any CPU
		{B0E13F80-28F0-4523-AF47-D80FE88A79A6}.Release|Any CPU.ActiveCfg = Release|Any CPU
		{B0E13F80-28F0-4523-AF47-D80FE88A79A6}.Release|Any CPU.Build.0 = Release|Any CPU
	EndGlobalSection
	GlobalSection(SolutionProperties) = preSolution
		HideSolutionNode = FALSE
	EndGlobalSection
	GlobalSection(ExtensibilityGlobals) = postSolution
		SolutionGuid = {7015BEEE-66E6-4254-954D-B4AF23A297F1}
	EndGlobalSection
EndGlobal
